
Microsoft Visual Studio Solution File, Format Version 12.00
# Visual Studio 14
VisualStudioVersion = 14.0.25420.1
MinimumVisualStudioVersion = 10.0.40219.1
Project("{CC5FD16D-436D-48AD-A40C-5A424C6E3E79}") = "CloudSOAP", "CloudSOAP\CloudSOAP.ccproj", "{2C0DBBFE-83B5-4404-BEDF-E84CB82775AE}"
EndProject
Project("{FAE04EC0-301F-11D3-BF4B-00C04F79EFBC}") = "WCFServiceWebRole1", "WCFServiceWebRole1\WCFServiceWebRole1.csproj", "{9E3ED604-DF4E-4C8C-89E2-5B27D903AB0F}"
EndProject
Project("{FAE04EC0-301F-11D3-BF4B-00C04F79EFBC}") = "StudentSOAPConsumerApp", "StudentSOAPConsumerApp\StudentSOAPConsumerApp.csproj", "{74708A66-4AEF-4E8F-9446-4E8FCE8D40BC}"
EndProject
Global
	GlobalSection(SolutionConfigurationPlatforms) = preSolution
		Debug|Any CPU = Debug|Any CPU
		Release|Any CPU = Release|Any CPU
	EndGlobalSection
	GlobalSection(ProjectConfigurationPlatforms) = postSolution
		{2C0DBBFE-83B5-4404-BEDF-E84CB82775AE}.Debug|Any CPU.ActiveCfg = Debug|Any CPU
		{2C0DBBFE-83B5-4404-BEDF-E84CB82775AE}.Debug|Any CPU.Build.0 = Debug|Any CPU
		{2C0DBBFE-83B5-4404-BEDF-E84CB82775AE}.Release|Any CPU.ActiveCfg = Release|Any CPU
		{2C0DBBFE-83B5-4404-BEDF-E84CB82775AE}.Release|Any CPU.Build.0 = Release|Any CPU
		{9E3ED604-DF4E-4C8C-89E2-5B27D903AB0F}.Debug|Any CPU.ActiveCfg = Debug|Any CPU
		{9E3ED604-DF4E-4C8C-89E2-5B27D903AB0F}.Debug|Any CPU.Build.0 = Debug|Any CPU
		{9E3ED604-DF4E-4C8C-89E2-5B27D903AB0F}.Release|Any CPU.ActiveCfg = Release|Any CPU
		{9E3ED604-DF4E-4C8C-89E2-5B27D903AB0F}.Release|Any CPU.Build.0 = Release|Any CPU
		{74708A66-4AEF-4E8F-9446-4E8FCE8D40BC}.Debug|Any CPU.ActiveCfg = Debug|Any CPU
		{74708A66-4AEF-4E8F-9446-4E8FCE8D40BC}.Debug|Any CPU.Build.0 = Debug|Any CPU
		{74708A66-4AEF-4E8F-9446-4E8FCE8D40BC}.Release|Any CPU.ActiveCfg = Release|Any CPU
		{74708A66-4AEF-4E8F-9446-4E8FCE8D40BC}.Release|Any CPU.Build.0 = Release|Any CPU
	EndGlobalSection
	GlobalSection(SolutionProperties) = preSolution
		HideSolutionNode = FALSE
	EndGlobalSection
EndGlobal
